
Microsoft Visual Studio Solution File, Format Version 11.00
# Visual Studio 2010
Project("{8BC9CEB8-8B4A-11D0-8D11-00A0C91BC942}") = "IL", "IL\IL.vcxproj", "{2B0C5828-FD49-4148-867D-AFC080B65A90}"
EndProject
Project("{2150E333-8FDC-42A3-9474-1A3956D46DE8}") = "Solution Items", "Solution Items", "{7DC21D79-86DD-45CA-BF18-C7B987F98317}"
EndProject
Global
	GlobalSection(SolutionConfigurationPlatforms) = preSolution
		Debug|Win32 = Debug|Win32
		Release|Win32 = Release|Win32
	EndGlobalSection
	GlobalSection(ProjectConfigurationPlatforms) = postSolution
		{2B0C5828-FD49-4148-867D-AFC080B65A90}.Debug|Win32.ActiveCfg = Debug|Win32
		{2B0C5828-FD49-4148-867D-AFC080B65A90}.Debug|Win32.Build.0 = Debug|Win32
		{2B0C5828-FD49-4148-867D-AFC080B65A90}.Release|Win32.ActiveCfg = Release|Win32
		{2B0C5828-FD49-4148-867D-AFC080B65A90}.Release|Win32.Build.0 = Release|Win32
	EndGlobalSection
	GlobalSection(SolutionProperties) = preSolution
		HideSolutionNode = FALSE
	EndGlobalSection
EndGlobal
